
Microsoft Visual Studio Solution File, Format Version 12.00
# Visual Studio Version 16
VisualStudioVersion = 16.0.30621.155
MinimumVisualStudioVersion = 10.0.40219.1
Project("{FAE04EC0-301F-11D3-BF4B-00C04F79EFBC}") = "CheapShopWeb", "CheapShopWeb\CheapShopWeb.csproj", "{EE3779A4-4E6A-40E1-B484-875A7D5AF84D}"
EndProject
Project("{9A19103F-16F7-4668-BE54-9A1E7A4F7556}") = "Domain", "Domain\Domain.csproj", "{A6B01B6A-5686-4E5E-A3DC-2B62836F0A97}"
EndProject
Project("{9A19103F-16F7-4668-BE54-9A1E7A4F7556}") = "ComparisonEngine", "ComparisonEngine\ComparisonEngine.csproj", "{2700CC87-B61D-4CD2-B01C-ECC57BF9F823}"
EndProject
Project("{9A19103F-16F7-4668-BE54-9A1E7A4F7556}") = "DbService Example", "DbService Example\DbService Example.csproj", "{6B0C8114-0E97-4D1A-8949-113C4D6DF032}"
EndProject
Global
	GlobalSection(SolutionConfigurationPlatforms) = preSolution
		Debug|Any CPU = Debug|Any CPU
		Release|Any CPU = Release|Any CPU
	EndGlobalSection
	GlobalSection(ProjectConfigurationPlatforms) = postSolution
		{EE3779A4-4E6A-40E1-B484-875A7D5AF84D}.Debug|Any CPU.ActiveCfg = Debug|Any CPU
		{EE3779A4-4E6A-40E1-B484-875A7D5AF84D}.Debug|Any CPU.Build.0 = Debug|Any CPU
		{EE3779A4-4E6A-40E1-B484-875A7D5AF84D}.Release|Any CPU.ActiveCfg = Release|Any CPU
		{EE3779A4-4E6A-40E1-B484-875A7D5AF84D}.Release|Any CPU.Build.0 = Release|Any CPU
		{A6B01B6A-5686-4E5E-A3DC-2B62836F0A97}.Debug|Any CPU.ActiveCfg = Debug|Any CPU
		{A6B01B6A-5686-4E5E-A3DC-2B62836F0A97}.Debug|Any CPU.Build.0 = Debug|Any CPU
		{A6B01B6A-5686-4E5E-A3DC-2B62836F0A97}.Release|Any CPU.ActiveCfg = Release|Any CPU
		{A6B01B6A-5686-4E5E-A3DC-2B62836F0A97}.Release|Any CPU.Build.0 = Release|Any CPU
		{2700CC87-B61D-4CD2-B01C-ECC57BF9F823}.Debug|Any CPU.ActiveCfg = Debug|Any CPU
		{2700CC87-B61D-4CD2-B01C-ECC57BF9F823}.Debug|Any CPU.Build.0 = Debug|Any CPU
		{2700CC87-B61D-4CD2-B01C-ECC57BF9F823}.Release|Any CPU.ActiveCfg = Release|Any CPU
		{2700CC87-B61D-4CD2-B01C-ECC57BF9F823}.Release|Any CPU.Build.0 = Release|Any CPU
		{6B0C8114-0E97-4D1A-8949-113C4D6DF032}.Debug|Any CPU.ActiveCfg = Debug|Any CPU
		{6B0C8114-0E97-4D1A-8949-113C4D6DF032}.Debug|Any CPU.Build.0 = Debug|Any CPU
		{6B0C8114-0E97-4D1A-8949-113C4D6DF032}.Release|Any CPU.ActiveCfg = Release|Any CPU
		{6B0C8114-0E97-4D1A-8949-113C4D6DF032}.Release|Any CPU.Build.0 = Release|Any CPU
	EndGlobalSection
	GlobalSection(SolutionProperties) = preSolution
		HideSolutionNode = FALSE
	EndGlobalSection
	GlobalSection(ExtensibilityGlobals) = postSolution
		SolutionGuid = {F00264C7-CDC8-4AEF-BAB6-89F3B669F7CC}
	EndGlobalSection
EndGlobal
